// !$*UTF8*$!
{
	archiveVersion = 1;
	classes = {
	};
	objectVersion = 55;
	objects = {

/* Begin PBXBuildFile section */
		A35665F72830DC3D001B3EF4 /* AppDelegate.swift in Sources */ = {isa = PBXBuildFile; fileRef = A35665F62830DC3D001B3EF4 /* AppDelegate.swift */; };
		A35665F92830DC3D001B3EF4 /* SceneDelegate.swift in Sources */ = {isa = PBXBuildFile; fileRef = A35665F82830DC3D001B3EF4 /* SceneDelegate.swift */; };
		A35666182830DE13001B3EF4 /* AboutViewController.swift in Sources */ = {isa = PBXBuildFile; fileRef = A35666172830DE13001B3EF4 /* AboutViewController.swift */; };
		A356661A2830DE2E001B3EF4 /* AboutInteractor.swift in Sources */ = {isa = PBXBuildFile; fileRef = A35666192830DE2E001B3EF4 /* AboutInteractor.swift */; };
		A356661C2830DE3E001B3EF4 /* AboutPresenter.swift in Sources */ = {isa = PBXBuildFile; fileRef = A356661B2830DE3E001B3EF4 /* AboutPresenter.swift */; };
		A356661E2830DE65001B3EF4 /* AboutConfigurator.swift in Sources */ = {isa = PBXBuildFile; fileRef = A356661D2830DE65001B3EF4 /* AboutConfigurator.swift */; };
		A35666202830DE78001B3EF4 /* AboutRouter.swift in Sources */ = {isa = PBXBuildFile; fileRef = A356661F2830DE78001B3EF4 /* AboutRouter.swift */; };
		A35666222830DEAC001B3EF4 /* AboutProtocols.swift in Sources */ = {isa = PBXBuildFile; fileRef = A35666212830DEAC001B3EF4 /* AboutProtocols.swift */; };
		A3A77FE328454F5D00F34564 /* MainViewController.swift in Sources */ = {isa = PBXBuildFile; fileRef = A3A77FE228454F5D00F34564 /* MainViewController.swift */; };
		A3A77FE528454F6F00F34564 /* MainPresenter.swift in Sources */ = {isa = PBXBuildFile; fileRef = A3A77FE428454F6F00F34564 /* MainPresenter.swift */; };
		A3A77FE728454F8000F34564 /* MainInteractor.swift in Sources */ = {isa = PBXBuildFile; fileRef = A3A77FE628454F8000F34564 /* MainInteractor.swift */; };
		A3A77FE928454F9100F34564 /* MainConfigurator.swift in Sources */ = {isa = PBXBuildFile; fileRef = A3A77FE828454F9100F34564 /* MainConfigurator.swift */; };
		A3A77FEB28454FA200F34564 /* MainRouter.swift in Sources */ = {isa = PBXBuildFile; fileRef = A3A77FEA28454FA200F34564 /* MainRouter.swift */; };
		A3A77FED28454FB400F34564 /* MainProtocols.swift in Sources */ = {isa = PBXBuildFile; fileRef = A3A77FEC28454FB400F34564 /* MainProtocols.swift */; };
		A3BB1FFB2832BFF7003581F1 /* ServicesProtocols.swift in Sources */ = {isa = PBXBuildFile; fileRef = A3BB1FFA2832BFF7003581F1 /* ServicesProtocols.swift */; };
		A3BB1FFD2832C08F003581F1 /* ServerService.swift in Sources */ = {isa = PBXBuildFile; fileRef = A3BB1FFC2832C08F003581F1 /* ServerService.swift */; };
		A3E5D83B2833C92C00DD654E /* View.swift in Sources */ = {isa = PBXBuildFile; fileRef = A3E5D83A2833C92C00DD654E /* View.swift */; };
		A3E5D83D2833C93900DD654E /* Interactor.swift in Sources */ = {isa = PBXBuildFile; fileRef = A3E5D83C2833C93900DD654E /* Interactor.swift */; };
		A3E5D83F2833C94400DD654E /* Presenter.swift in Sources */ = {isa = PBXBuildFile; fileRef = A3E5D83E2833C94400DD654E /* Presenter.swift */; };
		A3E5D8412833C95000DD654E /* Entity.swift in Sources */ = {isa = PBXBuildFile; fileRef = A3E5D8402833C95000DD654E /* Entity.swift */; };
		A3E5D8432833C95800DD654E /* Router.swift in Sources */ = {isa = PBXBuildFile; fileRef = A3E5D8422833C95800DD654E /* Router.swift */; };
		A3E5D8452833CF4F00DD654E /* UsersProtocols.swift in Sources */ = {isa = PBXBuildFile; fileRef = A3E5D8442833CF4F00DD654E /* UsersProtocols.swift */; };
		A3E5D84728343A6800DD654E /* UsersService.swift in Sources */ = {isa = PBXBuildFile; fileRef = A3E5D84628343A6800DD654E /* UsersService.swift */; };
/* End PBXBuildFile section */

/* Begin PBXFileReference section */
		A35665F32830DC3D001B3EF4 /* VIPER.app */ = {isa = PBXFileReference; explicitFileType = wrapper.application; includeInIndex = 0; path = VIPER.app; sourceTree = BUILT_PRODUCTS_DIR; };
		A35665F62830DC3D001B3EF4 /* AppDelegate.swift */ = {isa = PBXFileReference; lastKnownFileType = sourcecode.swift; path = AppDelegate.swift; sourceTree = "<group>"; };
		A35665F82830DC3D001B3EF4 /* SceneDelegate.swift */ = {isa = PBXFileReference; lastKnownFileType = sourcecode.swift; path = SceneDelegate.swift; sourceTree = "<group>"; };
		A35666042830DC40001B3EF4 /* Info.plist */ = {isa = PBXFileReference; lastKnownFileType = text.plist.xml; path = Info.plist; sourceTree = "<group>"; };
		A35666172830DE13001B3EF4 /* AboutViewController.swift */ = {isa = PBXFileReference; lastKnownFileType = sourcecode.swift; path = AboutViewController.swift; sourceTree = "<group>"; };
		A35666192830DE2E001B3EF4 /* AboutInteractor.swift */ = {isa = PBXFileReference; lastKnownFileType = sourcecode.swift; path = AboutInteractor.swift; sourceTree = "<group>"; };
		A356661B2830DE3E001B3EF4 /* AboutPresenter.swift */ = {isa = PBXFileReference; lastKnownFileType = sourcecode.swift; path = AboutPresenter.swift; sourceTree = "<group>"; };
		A356661D2830DE65001B3EF4 /* AboutConfigurator.swift */ = {isa = PBXFileReference; lastKnownFileType = sourcecode.swift; path = AboutConfigurator.swift; sourceTree = "<group>"; };
		A356661F2830DE78001B3EF4 /* AboutRouter.swift */ = {isa = PBXFileReference; lastKnownFileType = sourcecode.swift; path = AboutRouter.swift; sourceTree = "<group>"; };
		A35666212830DEAC001B3EF4 /* AboutProtocols.swift */ = {isa = PBXFileReference; lastKnownFileType = sourcecode.swift; path = AboutProtocols.swift; sourceTree = "<group>"; };
		A3A77FE228454F5D00F34564 /* MainViewController.swift */ = {isa = PBXFileReference; lastKnownFileType = sourcecode.swift; path = MainViewController.swift; sourceTree = "<group>"; };
		A3A77FE428454F6F00F34564 /* MainPresenter.swift */ = {isa = PBXFileReference; lastKnownFileType = sourcecode.swift; path = MainPresenter.swift; sourceTree = "<group>"; };
		A3A77FE628454F8000F34564 /* MainInteractor.swift */ = {isa = PBXFileReference; lastKnownFileType = sourcecode.swift; path = MainInteractor.swift; sourceTree = "<group>"; };
		A3A77FE828454F9100F34564 /* MainConfigurator.swift */ = {isa = PBXFileReference; lastKnownFileType = sourcecode.swift; path = MainConfigurator.swift; sourceTree = "<group>"; };
		A3A77FEA28454FA200F34564 /* MainRouter.swift */ = {isa = PBXFileReference; lastKnownFileType = sourcecode.swift; path = MainRouter.swift; sourceTree = "<group>"; };
		A3A77FEC28454FB400F34564 /* MainProtocols.swift */ = {isa = PBXFileReference; lastKnownFileType = sourcecode.swift; path = MainProtocols.swift; sourceTree = "<group>"; };
		A3BB1FFA2832BFF7003581F1 /* ServicesProtocols.swift */ = {isa = PBXFileReference; lastKnownFileType = sourcecode.swift; path = ServicesProtocols.swift; sourceTree = "<group>"; };
		A3BB1FFC2832C08F003581F1 /* ServerService.swift */ = {isa = PBXFileReference; lastKnownFileType = sourcecode.swift; path = ServerService.swift; sourceTree = "<group>"; };
		A3E5D83A2833C92C00DD654E /* View.swift */ = {isa = PBXFileReference; lastKnownFileType = sourcecode.swift; path = View.swift; sourceTree = "<group>"; };
		A3E5D83C2833C93900DD654E /* Interactor.swift */ = {isa = PBXFileReference; lastKnownFileType = sourcecode.swift; path = Interactor.swift; sourceTree = "<group>"; };
		A3E5D83E2833C94400DD654E /* Presenter.swift */ = {isa = PBXFileReference; lastKnownFileType = sourcecode.swift; path = Presenter.swift; sourceTree = "<group>"; };
		A3E5D8402833C95000DD654E /* Entity.swift */ = {isa = PBXFileReference; lastKnownFileType = sourcecode.swift; path = Entity.swift; sourceTree = "<group>"; };
		A3E5D8422833C95800DD654E /* Router.swift */ = {isa = PBXFileReference; lastKnownFileType = sourcecode.swift; path = Router.swift; sourceTree = "<group>"; };
		A3E5D8442833CF4F00DD654E /* UsersProtocols.swift */ = {isa = PBXFileReference; lastKnownFileType = sourcecode.swift; path = UsersProtocols.swift; sourceTree = "<group>"; };
		A3E5D84628343A6800DD654E /* UsersService.swift */ = {isa = PBXFileReference; lastKnownFileType = sourcecode.swift; path = UsersService.swift; sourceTree = "<group>"; };
/* End PBXFileReference section */

/* Begin PBXFrameworksBuildPhase section */
		A35665F02830DC3D001B3EF4 /* Frameworks */ = {
			isa = PBXFrameworksBuildPhase;
			buildActionMask = 2147483647;
			files = (
			);
			runOnlyForDeploymentPostprocessing = 0;
		};
/* End PBXFrameworksBuildPhase section */

/* Begin PBXGroup section */
		A35665EA2830DC3D001B3EF4 = {
			isa = PBXGroup;
			children = (
				A35665F52830DC3D001B3EF4 /* VIPER */,
				A35665F42830DC3D001B3EF4 /* Products */,
			);
			sourceTree = "<group>";
		};
		A35665F42830DC3D001B3EF4 /* Products */ = {
			isa = PBXGroup;
			children = (
				A35665F32830DC3D001B3EF4 /* VIPER.app */,
			);
			name = Products;
			sourceTree = "<group>";
		};
		A35665F52830DC3D001B3EF4 /* VIPER */ = {
			isa = PBXGroup;
			children = (
				A3E5D8382833C88C00DD654E /* General */,
				A35666142830DD8A001B3EF4 /* Modules */,
				A3BB1FF92832BFBD003581F1 /* Services */,
			);
			path = VIPER;
			sourceTree = "<group>";
		};
		A35666142830DD8A001B3EF4 /* Modules */ = {
			isa = PBXGroup;
			children = (
				A35666152830DD92001B3EF4 /* Main */,
				A35666162830DD98001B3EF4 /* About */,
				A3E5D8392833C91500DD654E /* Users */,
			);
			path = Modules;
			sourceTree = "<group>";
		};
		A35666152830DD92001B3EF4 /* Main */ = {
			isa = PBXGroup;
			children = (
				A3A77FE228454F5D00F34564 /* MainViewController.swift */,
				A3A77FE428454F6F00F34564 /* MainPresenter.swift */,
				A3A77FE628454F8000F34564 /* MainInteractor.swift */,
				A3A77FE828454F9100F34564 /* MainConfigurator.swift */,
				A3A77FEA28454FA200F34564 /* MainRouter.swift */,
				A3A77FEC28454FB400F34564 /* MainProtocols.swift */,
			);
			path = Main;
			sourceTree = "<group>";
		};
		A35666162830DD98001B3EF4 /* About */ = {
			isa = PBXGroup;
			children = (
				A35666172830DE13001B3EF4 /* AboutViewController.swift */,
				A356661B2830DE3E001B3EF4 /* AboutPresenter.swift */,
				A35666192830DE2E001B3EF4 /* AboutInteractor.swift */,
				A356661D2830DE65001B3EF4 /* AboutConfigurator.swift */,
				A356661F2830DE78001B3EF4 /* AboutRouter.swift */,
				A35666212830DEAC001B3EF4 /* AboutProtocols.swift */,
			);
			path = About;
			sourceTree = "<group>";
		};
		A3BB1FF92832BFBD003581F1 /* Services */ = {
			isa = PBXGroup;
			children = (
				A3BB1FFC2832C08F003581F1 /* ServerService.swift */,
				A3BB1FFA2832BFF7003581F1 /* ServicesProtocols.swift */,
				A3E5D84628343A6800DD654E /* UsersService.swift */,
			);
			path = Services;
			sourceTree = "<group>";
		};
		A3E5D8382833C88C00DD654E /* General */ = {
			isa = PBXGroup;
			children = (
				A35665F62830DC3D001B3EF4 /* AppDelegate.swift */,
				A35665F82830DC3D001B3EF4 /* SceneDelegate.swift */,
				A35666042830DC40001B3EF4 /* Info.plist */,
			);
			path = General;
			sourceTree = "<group>";
		};
		A3E5D8392833C91500DD654E /* Users */ = {
			isa = PBXGroup;
			children = (
				A3E5D83A2833C92C00DD654E /* View.swift */,
				A3E5D83C2833C93900DD654E /* Interactor.swift */,
				A3E5D83E2833C94400DD654E /* Presenter.swift */,
				A3E5D8402833C95000DD654E /* Entity.swift */,
				A3E5D8422833C95800DD654E /* Router.swift */,
				A3E5D8442833CF4F00DD654E /* UsersProtocols.swift */,
			);
			path = Users;
			sourceTree = "<group>";
		};
/* End PBXGroup section */

/* Begin PBXNativeTarget section */
		A35665F22830DC3D001B3EF4 /* VIPER */ = {
			isa = PBXNativeTarget;
			buildConfigurationList = A35666072830DC40001B3EF4 /* Build configuration list for PBXNativeTarget "VIPER" */;
			buildPhases = (
				A35665EF2830DC3D001B3EF4 /* Sources */,
				A35665F02830DC3D001B3EF4 /* Frameworks */,
				A35665F12830DC3D001B3EF4 /* Resources */,
			);
			buildRules = (
			);
			dependencies = (
			);
			name = VIPER;
			productName = VIPER;
			productReference = A35665F32830DC3D001B3EF4 /* VIPER.app */;
			productType = "com.apple.product-type.application";
		};
/* End PBXNativeTarget section */

/* Begin PBXProject section */
		A35665EB2830DC3D001B3EF4 /* Project object */ = {
			isa = PBXProject;
			attributes = {
				BuildIndependentTargetsInParallel = 1;
				LastSwiftUpdateCheck = 1330;
				LastUpgradeCheck = 1330;
				TargetAttributes = {
					A35665F22830DC3D001B3EF4 = {
						CreatedOnToolsVersion = 13.3.1;
					};
				};
			};
			buildConfigurationList = A35665EE2830DC3D001B3EF4 /* Build configuration list for PBXProject "VIPER" */;
			compatibilityVersion = "Xcode 13.0";
			developmentRegion = en;
			hasScannedForEncodings = 0;
			knownRegions = (
				en,
				Base,
			);
			mainGroup = A35665EA2830DC3D001B3EF4;
			productRefGroup = A35665F42830DC3D001B3EF4 /* Products */;
			projectDirPath = "";
			projectRoot = "";
			targets = (
				A35665F22830DC3D001B3EF4 /* VIPER */,
			);
		};
/* End PBXProject section */

/* Begin PBXResourcesBuildPhase section */
		A35665F12830DC3D001B3EF4 /* Resources */ = {
			isa = PBXResourcesBuildPhase;
			buildActionMask = 2147483647;
			files = (
			);
			runOnlyForDeploymentPostprocessing = 0;
		};
/* End PBXResourcesBuildPhase section */

/* Begin PBXSourcesBuildPhase section */
		A35665EF2830DC3D001B3EF4 /* Sources */ = {
			isa = PBXSourcesBuildPhase;
			buildActionMask = 2147483647;
			files = (
				A3BB1FFD2832C08F003581F1 /* ServerService.swift in Sources */,
				A35666222830DEAC001B3EF4 /* AboutProtocols.swift in Sources */,
				A3E5D8412833C95000DD654E /* Entity.swift in Sources */,
				A3A77FE728454F8000F34564 /* MainInteractor.swift in Sources */,
				A35666202830DE78001B3EF4 /* AboutRouter.swift in Sources */,
				A356661C2830DE3E001B3EF4 /* AboutPresenter.swift in Sources */,
				A3BB1FFB2832BFF7003581F1 /* ServicesProtocols.swift in Sources */,
				A356661A2830DE2E001B3EF4 /* AboutInteractor.swift in Sources */,
				A3E5D8432833C95800DD654E /* Router.swift in Sources */,
				A3A77FEB28454FA200F34564 /* MainRouter.swift in Sources */,
				A3A77FE528454F6F00F34564 /* MainPresenter.swift in Sources */,
				A3E5D83D2833C93900DD654E /* Interactor.swift in Sources */,
				A3A77FE928454F9100F34564 /* MainConfigurator.swift in Sources */,
				A35665F72830DC3D001B3EF4 /* AppDelegate.swift in Sources */,
				A35666182830DE13001B3EF4 /* AboutViewController.swift in Sources */,
				A356661E2830DE65001B3EF4 /* AboutConfigurator.swift in Sources */,
				A3E5D83F2833C94400DD654E /* Presenter.swift in Sources */,
				A3A77FED28454FB400F34564 /* MainProtocols.swift in Sources */,
				A3E5D83B2833C92C00DD654E /* View.swift in Sources */,
				A3E5D84728343A6800DD654E /* UsersService.swift in Sources */,
				A3A77FE328454F5D00F34564 /* MainViewController.swift in Sources */,
				A35665F92830DC3D001B3EF4 /* SceneDelegate.swift in Sources */,
				A3E5D8452833CF4F00DD654E /* UsersProtocols.swift in Sources */,
			);
			runOnlyForDeploymentPostprocessing = 0;
		};
/* End PBXSourcesBuildPhase section */

/* Begin XCBuildConfiguration section */
		A35666052830DC40001B3EF4 /* Debug */ = {
			isa = XCBuildConfiguration;
			buildSettings = {
				ALWAYS_SEARCH_USER_PATHS = NO;
				CLANG_ANALYZER_NONNULL = YES;
				CLANG_ANALYZER_NUMBER_OBJECT_CONVERSION = YES_AGGRESSIVE;
				CLANG_CXX_LANGUAGE_STANDARD = "gnu++17";
				CLANG_ENABLE_MODULES = YES;
				CLANG_ENABLE_OBJC_ARC = YES;
				CLANG_ENABLE_OBJC_WEAK = YES;
				CLANG_WARN_BLOCK_CAPTURE_AUTORELEASING = YES;
				CLANG_WARN_BOOL_CONVERSION = YES;
				CLANG_WARN_COMMA = YES;
				CLANG_WARN_CONSTANT_CONVERSION = YES;
				CLANG_WARN_DEPRECATED_OBJC_IMPLEMENTATIONS = YES;
				CLANG_WARN_DIRECT_OBJC_ISA_USAGE = YES_ERROR;
				CLANG_WARN_DOCUMENTATION_COMMENTS = YES;
				CLANG_WARN_EMPTY_BODY = YES;
				CLANG_WARN_ENUM_CONVERSION = YES;
				CLANG_WARN_INFINITE_RECURSION = YES;
				CLANG_WARN_INT_CONVERSION = YES;
				CLANG_WARN_NON_LITERAL_NULL_CONVERSION = YES;
				CLANG_WARN_OBJC_IMPLICIT_RETAIN_SELF = YES;
				CLANG_WARN_OBJC_LITERAL_CONVERSION = YES;
				CLANG_WARN_OBJC_ROOT_CLASS = YES_ERROR;
				CLANG_WARN_QUOTED_INCLUDE_IN_FRAMEWORK_HEADER = YES;
				CLANG_WARN_RANGE_LOOP_ANALYSIS = YES;
				CLANG_WARN_STRICT_PROTOTYPES = YES;
				CLANG_WARN_SUSPICIOUS_MOVE = YES;
				CLANG_WARN_UNGUARDED_AVAILABILITY = YES_AGGRESSIVE;
				CLANG_WARN_UNREACHABLE_CODE = YES;
				CLANG_WARN__DUPLICATE_METHOD_MATCH = YES;
				COPY_PHASE_STRIP = NO;
				DEBUG_INFORMATION_FORMAT = dwarf;
				ENABLE_STRICT_OBJC_MSGSEND = YES;
				ENABLE_TESTABILITY = YES;
				GCC_C_LANGUAGE_STANDARD = gnu11;
				GCC_DYNAMIC_NO_PIC = NO;
				GCC_NO_COMMON_BLOCKS = YES;
				GCC_OPTIMIZATION_LEVEL = 0;
				GCC_PREPROCESSOR_DEFINITIONS = (
					"DEBUG=1",
					"$(inherited)",
				);
				GCC_WARN_64_TO_32_BIT_CONVERSION = YES;
				GCC_WARN_ABOUT_RETURN_TYPE = YES_ERROR;
				GCC_WARN_UNDECLARED_SELECTOR = YES;
				GCC_WARN_UNINITIALIZED_AUTOS = YES_AGGRESSIVE;
				GCC_WARN_UNUSED_FUNCTION = YES;
				GCC_WARN_UNUSED_VARIABLE = YES;
				IPHONEOS_DEPLOYMENT_TARGET = 15.4;
				MTL_ENABLE_DEBUG_INFO = INCLUDE_SOURCE;
				MTL_FAST_MATH = YES;
				ONLY_ACTIVE_ARCH = YES;
				SDKROOT = iphoneos;
				SWIFT_ACTIVE_COMPILATION_CONDITIONS = DEBUG;
				SWIFT_OPTIMIZATION_LEVEL = "-Onone";
			};
			name = Debug;
		};
		A35666062830DC40001B3EF4 /* Release */ = {
			isa = XCBuildConfiguration;
			buildSettings = {
				ALWAYS_SEARCH_USER_PATHS = NO;
				CLANG_ANALYZER_NONNULL = YES;
				CLANG_ANALYZER_NUMBER_OBJECT_CONVERSION = YES_AGGRESSIVE;
				CLANG_CXX_LANGUAGE_STANDARD = "gnu++17";
				CLANG_ENABLE_MODULES = YES;
				CLANG_ENABLE_OBJC_ARC = YES;
				CLANG_ENABLE_OBJC_WEAK = YES;
				CLANG_WARN_BLOCK_CAPTURE_AUTORELEASING = YES;
				CLANG_WARN_BOOL_CONVERSION = YES;
				CLANG_WARN_COMMA = YES;
				CLANG_WARN_CONSTANT_CONVERSION = YES;
				CLANG_WARN_DEPRECATED_OBJC_IMPLEMENTATIONS = YES;
				CLANG_WARN_DIRECT_OBJC_ISA_USAGE = YES_ERROR;
				CLANG_WARN_DOCUMENTATION_COMMENTS = YES;
				CLANG_WARN_EMPTY_BODY = YES;
				CLANG_WARN_ENUM_CONVERSION = YES;
				CLANG_WARN_INFINITE_RECURSION = YES;
				CLANG_WARN_INT_CONVERSION = YES;
				CLANG_WARN_NON_LITERAL_NULL_CONVERSION = YES;
				CLANG_WARN_OBJC_IMPLICIT_RETAIN_SELF = YES;
				CLANG_WARN_OBJC_LITERAL_CONVERSION = YES;
				CLANG_WARN_OBJC_ROOT_CLASS = YES_ERROR;
				CLANG_WARN_QUOTED_INCLUDE_IN_FRAMEWORK_HEADER = YES;
				CLANG_WARN_RANGE_LOOP_ANALYSIS = YES;
				CLANG_WARN_STRICT_PROTOTYPES = YES;
				CLANG_WARN_SUSPICIOUS_MOVE = YES;
				CLANG_WARN_UNGUARDED_AVAILABILITY = YES_AGGRESSIVE;
				CLANG_WARN_UNREACHABLE_CODE = YES;
				CLANG_WARN__DUPLICATE_METHOD_MATCH = YES;
				COPY_PHASE_STRIP = NO;
				DEBUG_INFORMATION_FORMAT = "dwarf-with-dsym";
				ENABLE_NS_ASSERTIONS = NO;
				ENABLE_STRICT_OBJC_MSGSEND = YES;
				GCC_C_LANGUAGE_STANDARD = gnu11;
				GCC_NO_COMMON_BLOCKS = YES;
				GCC_WARN_64_TO_32_BIT_CONVERSION = YES;
				GCC_WARN_ABOUT_RETURN_TYPE = YES_ERROR;
				GCC_WARN_UNDECLARED_SELECTOR = YES;
				GCC_WARN_UNINITIALIZED_AUTOS = YES_AGGRESSIVE;
				GCC_WARN_UNUSED_FUNCTION = YES;
				GCC_WARN_UNUSED_VARIABLE = YES;
				IPHONEOS_DEPLOYMENT_TARGET = 15.4;
				MTL_ENABLE_DEBUG_INFO = NO;
				MTL_FAST_MATH = YES;
				SDKROOT = iphoneos;
				SWIFT_COMPILATION_MODE = wholemodule;
				SWIFT_OPTIMIZATION_LEVEL = "-O";
				VALIDATE_PRODUCT = YES;
			};
			name = Release;
		};
		A35666082830DC40001B3EF4 /* Debug */ = {
			isa = XCBuildConfiguration;
			buildSettings = {
				ASSETCATALOG_COMPILER_APPICON_NAME = AppIcon;
				ASSETCATALOG_COMPILER_GLOBAL_ACCENT_COLOR_NAME = AccentColor;
				CODE_SIGN_STYLE = Automatic;
				CURRENT_PROJECT_VERSION = 1;
				DEVELOPMENT_TEAM = 44XPNUG6JL;
				GENERATE_INFOPLIST_FILE = YES;
				INFOPLIST_FILE = VIPER/General/Info.plist;
				INFOPLIST_KEY_UIApplicationSupportsIndirectInputEvents = YES;
				INFOPLIST_KEY_UILaunchStoryboardName = LaunchScreen;
				INFOPLIST_KEY_UISupportedInterfaceOrientations_iPad = "UIInterfaceOrientationPortrait UIInterfaceOrientationPortraitUpsideDown UIInterfaceOrientationLandscapeLeft UIInterfaceOrientationLandscapeRight";
				INFOPLIST_KEY_UISupportedInterfaceOrientations_iPhone = "UIInterfaceOrientationPortrait UIInterfaceOrientationLandscapeLeft UIInterfaceOrientationLandscapeRight";
				LD_RUNPATH_SEARCH_PATHS = (
					"$(inherited)",
					"@executable_path/Frameworks",
				);
				MARKETING_VERSION = 1.0;
				PRODUCT_BUNDLE_IDENTIFIER = eugene.VIPER;
				PRODUCT_NAME = "$(TARGET_NAME)";
				SWIFT_EMIT_LOC_STRINGS = YES;
				SWIFT_VERSION = 5.0;
				TARGETED_DEVICE_FAMILY = "1,2";
			};
			name = Debug;
		};
		A35666092830DC40001B3EF4 /* Release */ = {
			isa = XCBuildConfiguration;
			buildSettings = {
				ASSETCATALOG_COMPILER_APPICON_NAME = AppIcon;
				ASSETCATALOG_COMPILER_GLOBAL_ACCENT_COLOR_NAME = AccentColor;
				CODE_SIGN_STYLE = Automatic;
				CURRENT_PROJECT_VERSION = 1;
				DEVELOPMENT_TEAM = 44XPNUG6JL;
				GENERATE_INFOPLIST_FILE = YES;
				INFOPLIST_FILE = VIPER/General/Info.plist;
				INFOPLIST_KEY_UIApplicationSupportsIndirectInputEvents = YES;
				INFOPLIST_KEY_UILaunchStoryboardName = LaunchScreen;
				INFOPLIST_KEY_UISupportedInterfaceOrientations_iPad = "UIInterfaceOrientationPortrait UIInterfaceOrientationPortraitUpsideDown UIInterfaceOrientationLandscapeLeft UIInterfaceOrientationLandscapeRight";
				INFOPLIST_KEY_UISupportedInterfaceOrientations_iPhone = "UIInterfaceOrientationPortrait UIInterfaceOrientationLandscapeLeft UIInterfaceOrientationLandscapeRight";
				LD_RUNPATH_SEARCH_PATHS = (
					"$(inherited)",
					"@executable_path/Frameworks",
				);
				MARKETING_VERSION = 1.0;
				PRODUCT_BUNDLE_IDENTIFIER = eugene.VIPER;
				PRODUCT_NAME = "$(TARGET_NAME)";
				SWIFT_EMIT_LOC_STRINGS = YES;
				SWIFT_VERSION = 5.0;
				TARGETED_DEVICE_FAMILY = "1,2";
			};
			name = Release;
		};
/* End XCBuildConfiguration section */

/* Begin XCConfigurationList section */
		A35665EE2830DC3D001B3EF4 /* Build configuration list for PBXProject "VIPER" */ = {
			isa = XCConfigurationList;
			buildConfigurations = (
				A35666052830DC40001B3EF4 /* Debug */,
				A35666062830DC40001B3EF4 /* Release */,
			);
			defaultConfigurationIsVisible = 0;
			defaultConfigurationName = Release;
		};
		A35666072830DC40001B3EF4 /* Build configuration list for PBXNativeTarget "VIPER" */ = {
			isa = XCConfigurationList;
			buildConfigurations = (
				A35666082830DC40001B3EF4 /* Debug */,
				A35666092830DC40001B3EF4 /* Release */,
			);
			defaultConfigurationIsVisible = 0;
			defaultConfigurationName = Release;
		};
/* End XCConfigurationList section */
	};
	rootObject = A35665EB2830DC3D001B3EF4 /* Project object */;
}
